// !$*UTF8*$!
{
	archiveVersion = 1;
	classes = {
	};
	objectVersion = 46;
	objects = {

/* Begin PBXBuildFile section */
		B3EF77ACA10C03F4FEC5EC84 /* Pods_EFAB.framework in Frameworks */ = {isa = PBXBuildFile; fileRef = 4A2C071149ABD4A9965DA745 /* Pods_EFAB.framework */; };
		B9158EC91DC8D59C005D19D5 /* WebServicesExtension.swift in Sources */ = {isa = PBXBuildFile; fileRef = B9158EC81DC8D59C005D19D5 /* WebServicesExtension.swift */; };
		B9158ECC1DC909F1005D19D5 /* MapKit.framework in Frameworks */ = {isa = PBXBuildFile; fileRef = B9158ECB1DC909F1005D19D5 /* MapKit.framework */; };
		B9158ECF1DC920E8005D19D5 /* Login.storyboard in Resources */ = {isa = PBXBuildFile; fileRef = B9158ECE1DC920E8005D19D5 /* Login.storyboard */; };
		B9158ED21DC92EB5005D19D5 /* LoginViewController.swift in Sources */ = {isa = PBXBuildFile; fileRef = B9158ED11DC92EB5005D19D5 /* LoginViewController.swift */; };
		B9158ED41DC92F13005D19D5 /* RegisterViewController.swift in Sources */ = {isa = PBXBuildFile; fileRef = B9158ED31DC92F13005D19D5 /* RegisterViewController.swift */; };
		B9158ED61DC92F22005D19D5 /* BudgetListViewController.swift in Sources */ = {isa = PBXBuildFile; fileRef = B9158ED51DC92F22005D19D5 /* BudgetListViewController.swift */; };
		B936B0B01DC7BB420051F123 /* NetworkModel.swift in Sources */ = {isa = PBXBuildFile; fileRef = B936B0AF1DC7BB420051F123 /* NetworkModel.swift */; };
		B936B0B21DC7BEBF0051F123 /* WebServices.swift in Sources */ = {isa = PBXBuildFile; fileRef = B936B0B11DC7BEBF0051F123 /* WebServices.swift */; };
		B936B0B51DC7C88D0051F123 /* Test.swift in Sources */ = {isa = PBXBuildFile; fileRef = B936B0B41DC7C88D0051F123 /* Test.swift */; };
		B936B0B81DC7CB710051F123 /* Constants.swift in Sources */ = {isa = PBXBuildFile; fileRef = B936B0B71DC7CB710051F123 /* Constants.swift */; };
		B950E0FA1DC793AE00651F32 /* AppDelegate.swift in Sources */ = {isa = PBXBuildFile; fileRef = B950E0F91DC793AE00651F32 /* AppDelegate.swift */; };
		B950E0FC1DC793AE00651F32 /* ViewController.swift in Sources */ = {isa = PBXBuildFile; fileRef = B950E0FB1DC793AE00651F32 /* ViewController.swift */; };
		B950E0FF1DC793AE00651F32 /* Main.storyboard in Resources */ = {isa = PBXBuildFile; fileRef = B950E0FD1DC793AE00651F32 /* Main.storyboard */; };
		B950E1011DC793AE00651F32 /* Assets.xcassets in Resources */ = {isa = PBXBuildFile; fileRef = B950E1001DC793AE00651F32 /* Assets.xcassets */; };
		B950E1041DC793AE00651F32 /* LaunchScreen.storyboard in Resources */ = {isa = PBXBuildFile; fileRef = B950E1021DC793AE00651F32 /* LaunchScreen.storyboard */; };
		B9DC24391DCA223900BA04E1 /* User.swift in Sources */ = {isa = PBXBuildFile; fileRef = B9DC24381DCA223900BA04E1 /* User.swift */; };
		B9DC243B1DCA2E5F00BA04E1 /* Utils.swift in Sources */ = {isa = PBXBuildFile; fileRef = B9DC243A1DCA2E5F00BA04E1 /* Utils.swift */; };
		B9DC243D1DCA355400BA04E1 /* UserStore.swift in Sources */ = {isa = PBXBuildFile; fileRef = B9DC243C1DCA355400BA04E1 /* UserStore.swift */; };
/* End PBXBuildFile section */

/* Begin PBXFileReference section */
		159B8AE015B7326762D81DF4 /* Pods-EFAB.release.xcconfig */ = {isa = PBXFileReference; includeInIndex = 1; lastKnownFileType = text.xcconfig; name = "Pods-EFAB.release.xcconfig"; path = "Pods/Target Support Files/Pods-EFAB/Pods-EFAB.release.xcconfig"; sourceTree = "<group>"; };
		2A71B2119050FB5A81E2CB43 /* Pods-EFAB.debug.xcconfig */ = {isa = PBXFileReference; includeInIndex = 1; lastKnownFileType = text.xcconfig; name = "Pods-EFAB.debug.xcconfig"; path = "Pods/Target Support Files/Pods-EFAB/Pods-EFAB.debug.xcconfig"; sourceTree = "<group>"; };
		4A2C071149ABD4A9965DA745 /* Pods_EFAB.framework */ = {isa = PBXFileReference; explicitFileType = wrapper.framework; includeInIndex = 0; path = Pods_EFAB.framework; sourceTree = BUILT_PRODUCTS_DIR; };
		B9158EC81DC8D59C005D19D5 /* WebServicesExtension.swift */ = {isa = PBXFileReference; fileEncoding = 4; lastKnownFileType = sourcecode.swift; name = WebServicesExtension.swift; path = Networking/WebServicesExtension.swift; sourceTree = "<group>"; };
		B9158ECA1DC909DA005D19D5 /* EFAB.entitlements */ = {isa = PBXFileReference; lastKnownFileType = text.plist.entitlements; path = EFAB.entitlements; sourceTree = "<group>"; };
		B9158ECB1DC909F1005D19D5 /* MapKit.framework */ = {isa = PBXFileReference; lastKnownFileType = wrapper.framework; name = MapKit.framework; path = System/Library/Frameworks/MapKit.framework; sourceTree = SDKROOT; };
		B9158ECE1DC920E8005D19D5 /* Login.storyboard */ = {isa = PBXFileReference; fileEncoding = 4; lastKnownFileType = file.storyboard; name = Login.storyboard; path = Storyboards/Login.storyboard; sourceTree = "<group>"; };
		B9158ED11DC92EB5005D19D5 /* LoginViewController.swift */ = {isa = PBXFileReference; fileEncoding = 4; lastKnownFileType = sourcecode.swift; name = LoginViewController.swift; path = ViewControllers/LoginViewController.swift; sourceTree = "<group>"; };
		B9158ED31DC92F13005D19D5 /* RegisterViewController.swift */ = {isa = PBXFileReference; fileEncoding = 4; lastKnownFileType = sourcecode.swift; name = RegisterViewController.swift; path = ViewControllers/RegisterViewController.swift; sourceTree = "<group>"; };
		B9158ED51DC92F22005D19D5 /* BudgetListViewController.swift */ = {isa = PBXFileReference; fileEncoding = 4; lastKnownFileType = sourcecode.swift; name = BudgetListViewController.swift; path = ViewControllers/BudgetListViewController.swift; sourceTree = "<group>"; };
		B936B0AF1DC7BB420051F123 /* NetworkModel.swift */ = {isa = PBXFileReference; fileEncoding = 4; lastKnownFileType = sourcecode.swift; name = NetworkModel.swift; path = Networking/NetworkModel.swift; sourceTree = "<group>"; };
		B936B0B11DC7BEBF0051F123 /* WebServices.swift */ = {isa = PBXFileReference; fileEncoding = 4; lastKnownFileType = sourcecode.swift; name = WebServices.swift; path = Networking/WebServices.swift; sourceTree = "<group>"; };
		B936B0B41DC7C88D0051F123 /* Test.swift */ = {isa = PBXFileReference; fileEncoding = 4; lastKnownFileType = sourcecode.swift; name = Test.swift; path = Models/Test.swift; sourceTree = "<group>"; };
		B936B0B71DC7CB710051F123 /* Constants.swift */ = {isa = PBXFileReference; fileEncoding = 4; lastKnownFileType = sourcecode.swift; name = Constants.swift; path = Components/Constants.swift; sourceTree = "<group>"; };
		B936B0B91DC7E06A0051F123 /* EFAB-Bridging-Header.h */ = {isa = PBXFileReference; lastKnownFileType = sourcecode.c.h; path = "EFAB-Bridging-Header.h"; sourceTree = "<group>"; };
		B950E0F61DC793AE00651F32 /* EFAB.app */ = {isa = PBXFileReference; explicitFileType = wrapper.application; includeInIndex = 0; path = EFAB.app; sourceTree = BUILT_PRODUCTS_DIR; };
		B950E0F91DC793AE00651F32 /* AppDelegate.swift */ = {isa = PBXFileReference; lastKnownFileType = sourcecode.swift; path = AppDelegate.swift; sourceTree = "<group>"; };
		B950E0FB1DC793AE00651F32 /* ViewController.swift */ = {isa = PBXFileReference; lastKnownFileType = sourcecode.swift; path = ViewController.swift; sourceTree = "<group>"; };
		B950E0FE1DC793AE00651F32 /* Base */ = {isa = PBXFileReference; lastKnownFileType = file.storyboard; name = Base; path = Base.lproj/Main.storyboard; sourceTree = "<group>"; };
		B950E1001DC793AE00651F32 /* Assets.xcassets */ = {isa = PBXFileReference; lastKnownFileType = folder.assetcatalog; path = Assets.xcassets; sourceTree = "<group>"; };
		B950E1031DC793AE00651F32 /* Base */ = {isa = PBXFileReference; lastKnownFileType = file.storyboard; name = Base; path = Base.lproj/LaunchScreen.storyboard; sourceTree = "<group>"; };
		B950E1051DC793AE00651F32 /* Info.plist */ = {isa = PBXFileReference; lastKnownFileType = text.plist.xml; path = Info.plist; sourceTree = "<group>"; };
		B9DC24381DCA223900BA04E1 /* User.swift */ = {isa = PBXFileReference; fileEncoding = 4; lastKnownFileType = sourcecode.swift; name = User.swift; path = Models/User.swift; sourceTree = "<group>"; };
		B9DC243A1DCA2E5F00BA04E1 /* Utils.swift */ = {isa = PBXFileReference; fileEncoding = 4; lastKnownFileType = sourcecode.swift; name = Utils.swift; path = Components/Utils.swift; sourceTree = "<group>"; };
		B9DC243C1DCA355400BA04E1 /* UserStore.swift */ = {isa = PBXFileReference; fileEncoding = 4; lastKnownFileType = sourcecode.swift; name = UserStore.swift; path = Components/UserStore.swift; sourceTree = "<group>"; };
/* End PBXFileReference section */

/* Begin PBXFrameworksBuildPhase section */
		B950E0F31DC793AE00651F32 /* Frameworks */ = {
			isa = PBXFrameworksBuildPhase;
			buildActionMask = 2147483647;
			files = (
				B9158ECC1DC909F1005D19D5 /* MapKit.framework in Frameworks */,
				B3EF77ACA10C03F4FEC5EC84 /* Pods_EFAB.framework in Frameworks */,
			);
			runOnlyForDeploymentPostprocessing = 0;
		};
/* End PBXFrameworksBuildPhase section */

/* Begin PBXGroup section */
		B9158ECD1DC9202A005D19D5 /* Storyboards */ = {
			isa = PBXGroup;
			children = (
				B950E0FD1DC793AE00651F32 /* Main.storyboard */,
				B9158ECE1DC920E8005D19D5 /* Login.storyboard */,
			);
			name = Storyboards;
			sourceTree = "<group>";
		};
		B9158ED01DC92E4F005D19D5 /* View Controllers */ = {
			isa = PBXGroup;
			children = (
				B9158ED11DC92EB5005D19D5 /* LoginViewController.swift */,
				B9158ED31DC92F13005D19D5 /* RegisterViewController.swift */,
				B9158ED51DC92F22005D19D5 /* BudgetListViewController.swift */,
			);
			name = "View Controllers";
			sourceTree = "<group>";
		};
		B936B0AE1DC7BA900051F123 /* Networking */ = {
			isa = PBXGroup;
			children = (
				B936B0AF1DC7BB420051F123 /* NetworkModel.swift */,
				B936B0B11DC7BEBF0051F123 /* WebServices.swift */,
				B9158EC81DC8D59C005D19D5 /* WebServicesExtension.swift */,
			);
			name = Networking;
			sourceTree = "<group>";
		};
		B936B0B31DC7C8670051F123 /* Models */ = {
			isa = PBXGroup;
			children = (
				B936B0B41DC7C88D0051F123 /* Test.swift */,
				B9DC24381DCA223900BA04E1 /* User.swift */,
			);
			name = Models;
			sourceTree = "<group>";
		};
		B936B0B61DC7CB4D0051F123 /* Components */ = {
			isa = PBXGroup;
			children = (
				B936B0B71DC7CB710051F123 /* Constants.swift */,
				B9DC243A1DCA2E5F00BA04E1 /* Utils.swift */,
				B9DC243C1DCA355400BA04E1 /* UserStore.swift */,
			);
			name = Components;
			sourceTree = "<group>";
		};
		B950E0ED1DC793AE00651F32 = {
			isa = PBXGroup;
			children = (
				B9158ED01DC92E4F005D19D5 /* View Controllers */,
				B9158ECD1DC9202A005D19D5 /* Storyboards */,
				B936B0B61DC7CB4D0051F123 /* Components */,
				B936B0B31DC7C8670051F123 /* Models */,
				B936B0AE1DC7BA900051F123 /* Networking */,
				B950E0F81DC793AE00651F32 /* EFAB */,
				B950E0F71DC793AE00651F32 /* Products */,
				CAB5CC594A6A372A4B28CDAC /* Pods */,
				E666E8B8015967E0D750EBA6 /* Frameworks */,
				B936B0B91DC7E06A0051F123 /* EFAB-Bridging-Header.h */,
			);
			sourceTree = "<group>";
		};
		B950E0F71DC793AE00651F32 /* Products */ = {
			isa = PBXGroup;
			children = (
				B950E0F61DC793AE00651F32 /* EFAB.app */,
			);
			name = Products;
			sourceTree = "<group>";
		};
		B950E0F81DC793AE00651F32 /* EFAB */ = {
			isa = PBXGroup;
			children = (
				B9158ECA1DC909DA005D19D5 /* EFAB.entitlements */,
				B950E0F91DC793AE00651F32 /* AppDelegate.swift */,
				B950E0FB1DC793AE00651F32 /* ViewController.swift */,
				B950E1001DC793AE00651F32 /* Assets.xcassets */,
				B950E1021DC793AE00651F32 /* LaunchScreen.storyboard */,
				B950E1051DC793AE00651F32 /* Info.plist */,
			);
			path = EFAB;
			sourceTree = "<group>";
		};
		CAB5CC594A6A372A4B28CDAC /* Pods */ = {
			isa = PBXGroup;
			children = (
				2A71B2119050FB5A81E2CB43 /* Pods-EFAB.debug.xcconfig */,
				159B8AE015B7326762D81DF4 /* Pods-EFAB.release.xcconfig */,
			);
			name = Pods;
			sourceTree = "<group>";
		};
		E666E8B8015967E0D750EBA6 /* Frameworks */ = {
			isa = PBXGroup;
			children = (
				B9158ECB1DC909F1005D19D5 /* MapKit.framework */,
				4A2C071149ABD4A9965DA745 /* Pods_EFAB.framework */,
			);
			name = Frameworks;
			sourceTree = "<group>";
		};
/* End PBXGroup section */

/* Begin PBXNativeTarget section */
		B950E0F51DC793AE00651F32 /* EFAB */ = {
			isa = PBXNativeTarget;
			buildConfigurationList = B950E1081DC793AE00651F32 /* Build configuration list for PBXNativeTarget "EFAB" */;
			buildPhases = (
				688269356BE4E0708D7C5243 /* [CP] Check Pods Manifest.lock */,
				B950E0F21DC793AE00651F32 /* Sources */,
				B950E0F31DC793AE00651F32 /* Frameworks */,
				B950E0F41DC793AE00651F32 /* Resources */,
				34B82496567FF979D015E940 /* [CP] Embed Pods Frameworks */,
				C662E83F42DF648EE455C055 /* [CP] Copy Pods Resources */,
			);
			buildRules = (
			);
			dependencies = (
			);
			name = EFAB;
			productName = EFAB;
			productReference = B950E0F61DC793AE00651F32 /* EFAB.app */;
			productType = "com.apple.product-type.application";
		};
/* End PBXNativeTarget section */

/* Begin PBXProject section */
		B950E0EE1DC793AE00651F32 /* Project object */ = {
			isa = PBXProject;
			attributes = {
				LastSwiftUpdateCheck = 0810;
				LastUpgradeCheck = 0810;
				ORGANIZATIONNAME = "Christopher Stanley";
				TargetAttributes = {
					B950E0F51DC793AE00651F32 = {
						CreatedOnToolsVersion = 8.1;
						DevelopmentTeam = VGACHSH4G9;
						LastSwiftMigration = 0810;
						ProvisioningStyle = Automatic;
						SystemCapabilities = {
							com.apple.Keychain = {
								enabled = 1;
							};
							com.apple.Maps.iOS = {
								enabled = 0;
							};
						};
					};
				};
			};
			buildConfigurationList = B950E0F11DC793AE00651F32 /* Build configuration list for PBXProject "EFAB" */;
			compatibilityVersion = "Xcode 3.2";
			developmentRegion = English;
			hasScannedForEncodings = 0;
			knownRegions = (
				en,
				Base,
			);
			mainGroup = B950E0ED1DC793AE00651F32;
			productRefGroup = B950E0F71DC793AE00651F32 /* Products */;
			projectDirPath = "";
			projectRoot = "";
			targets = (
				B950E0F51DC793AE00651F32 /* EFAB */,
			);
		};
/* End PBXProject section */

/* Begin PBXResourcesBuildPhase section */
		B950E0F41DC793AE00651F32 /* Resources */ = {
			isa = PBXResourcesBuildPhase;
			buildActionMask = 2147483647;
			files = (
				B9158ECF1DC920E8005D19D5 /* Login.storyboard in Resources */,
				B950E1041DC793AE00651F32 /* LaunchScreen.storyboard in Resources */,
				B950E1011DC793AE00651F32 /* Assets.xcassets in Resources */,
				B950E0FF1DC793AE00651F32 /* Main.storyboard in Resources */,
			);
			runOnlyForDeploymentPostprocessing = 0;
		};
/* End PBXResourcesBuildPhase section */

/* Begin PBXShellScriptBuildPhase section */
		34B82496567FF979D015E940 /* [CP] Embed Pods Frameworks */ = {
			isa = PBXShellScriptBuildPhase;
			buildActionMask = 2147483647;
			files = (
			);
			inputPaths = (
			);
			name = "[CP] Embed Pods Frameworks";
			outputPaths = (
			);
			runOnlyForDeploymentPostprocessing = 0;
			shellPath = /bin/sh;
			shellScript = "\"${SRCROOT}/Pods/Target Support Files/Pods-EFAB/Pods-EFAB-frameworks.sh\"\n";
			showEnvVarsInLog = 0;
		};
		688269356BE4E0708D7C5243 /* [CP] Check Pods Manifest.lock */ = {
			isa = PBXShellScriptBuildPhase;
			buildActionMask = 2147483647;
			files = (
			);
			inputPaths = (
			);
			name = "[CP] Check Pods Manifest.lock";
			outputPaths = (
			);
			runOnlyForDeploymentPostprocessing = 0;
			shellPath = /bin/sh;
			shellScript = "diff \"${PODS_ROOT}/../Podfile.lock\" \"${PODS_ROOT}/Manifest.lock\" > /dev/null\nif [ $? != 0 ] ; then\n    # print error to STDERR\n    echo \"error: The sandbox is not in sync with the Podfile.lock. Run 'pod install' or update your CocoaPods installation.\" >&2\n    exit 1\nfi\n";
			showEnvVarsInLog = 0;
		};
		C662E83F42DF648EE455C055 /* [CP] Copy Pods Resources */ = {
			isa = PBXShellScriptBuildPhase;
			buildActionMask = 2147483647;
			files = (
			);
			inputPaths = (
			);
			name = "[CP] Copy Pods Resources";
			outputPaths = (
			);
			runOnlyForDeploymentPostprocessing = 0;
			shellPath = /bin/sh;
			shellScript = "\"${SRCROOT}/Pods/Target Support Files/Pods-EFAB/Pods-EFAB-resources.sh\"\n";
			showEnvVarsInLog = 0;
		};
/* End PBXShellScriptBuildPhase section */

/* Begin PBXSourcesBuildPhase section */
		B950E0F21DC793AE00651F32 /* Sources */ = {
			isa = PBXSourcesBuildPhase;
			buildActionMask = 2147483647;
			files = (
				B9158ED41DC92F13005D19D5 /* RegisterViewController.swift in Sources */,
				B936B0B01DC7BB420051F123 /* NetworkModel.swift in Sources */,
				B950E0FC1DC793AE00651F32 /* ViewController.swift in Sources */,
				B936B0B51DC7C88D0051F123 /* Test.swift in Sources */,
				B9158EC91DC8D59C005D19D5 /* WebServicesExtension.swift in Sources */,
				B9158ED21DC92EB5005D19D5 /* LoginViewController.swift in Sources */,
				B936B0B21DC7BEBF0051F123 /* WebServices.swift in Sources */,
				B950E0FA1DC793AE00651F32 /* AppDelegate.swift in Sources */,
				B936B0B81DC7CB710051F123 /* Constants.swift in Sources */,
				B9158ED61DC92F22005D19D5 /* BudgetListViewController.swift in Sources */,
				B9DC24391DCA223900BA04E1 /* User.swift in Sources */,
				B9DC243B1DCA2E5F00BA04E1 /* Utils.swift in Sources */,
				B9DC243D1DCA355400BA04E1 /* UserStore.swift in Sources */,
			);
			runOnlyForDeploymentPostprocessing = 0;
		};
/* End PBXSourcesBuildPhase section */

/* Begin PBXVariantGroup section */
		B950E0FD1DC793AE00651F32 /* Main.storyboard */ = {
			isa = PBXVariantGroup;
			children = (
				B950E0FE1DC793AE00651F32 /* Base */,
			);
			name = Main.storyboard;
			path = EFAB;
			sourceTree = "<group>";
		};
		B950E1021DC793AE00651F32 /* LaunchScreen.storyboard */ = {
			isa = PBXVariantGroup;
			children = (
				B950E1031DC793AE00651F32 /* Base */,
			);
			name = LaunchScreen.storyboard;
			sourceTree = "<group>";
		};
/* End PBXVariantGroup section */

/* Begin XCBuildConfiguration section */
		B950E1061DC793AE00651F32 /* Debug */ = {
			isa = XCBuildConfiguration;
			buildSettings = {
				ALWAYS_SEARCH_USER_PATHS = NO;
				CLANG_ANALYZER_NONNULL = YES;
				CLANG_CXX_LANGUAGE_STANDARD = "gnu++0x";
				CLANG_CXX_LIBRARY = "libc++";
				CLANG_ENABLE_MODULES = YES;
				CLANG_ENABLE_OBJC_ARC = YES;
				CLANG_WARN_BOOL_CONVERSION = YES;
				CLANG_WARN_CONSTANT_CONVERSION = YES;
				CLANG_WARN_DIRECT_OBJC_ISA_USAGE = YES_ERROR;
				CLANG_WARN_DOCUMENTATION_COMMENTS = YES;
				CLANG_WARN_EMPTY_BODY = YES;
				CLANG_WARN_ENUM_CONVERSION = YES;
				CLANG_WARN_INFINITE_RECURSION = YES;
				CLANG_WARN_INT_CONVERSION = YES;
				CLANG_WARN_OBJC_ROOT_CLASS = YES_ERROR;
				CLANG_WARN_SUSPICIOUS_MOVES = YES;
				CLANG_WARN_UNREACHABLE_CODE = YES;
				CLANG_WARN__DUPLICATE_METHOD_MATCH = YES;
				"CODE_SIGN_IDENTITY[sdk=iphoneos*]" = "iPhone Developer";
				COPY_PHASE_STRIP = NO;
				DEBUG_INFORMATION_FORMAT = dwarf;
				ENABLE_STRICT_OBJC_MSGSEND = YES;
				ENABLE_TESTABILITY = YES;
				GCC_C_LANGUAGE_STANDARD = gnu99;
				GCC_DYNAMIC_NO_PIC = NO;
				GCC_NO_COMMON_BLOCKS = YES;
				GCC_OPTIMIZATION_LEVEL = 0;
				GCC_PREPROCESSOR_DEFINITIONS = (
					"DEBUG=1",
					"$(inherited)",
				);
				GCC_WARN_64_TO_32_BIT_CONVERSION = YES;
				GCC_WARN_ABOUT_RETURN_TYPE = YES_ERROR;
				GCC_WARN_UNDECLARED_SELECTOR = YES;
				GCC_WARN_UNINITIALIZED_AUTOS = YES_AGGRESSIVE;
				GCC_WARN_UNUSED_FUNCTION = YES;
				GCC_WARN_UNUSED_VARIABLE = YES;
				IPHONEOS_DEPLOYMENT_TARGET = 10.1;
				MTL_ENABLE_DEBUG_INFO = YES;
				ONLY_ACTIVE_ARCH = YES;
				SDKROOT = iphoneos;
				SWIFT_ACTIVE_COMPILATION_CONDITIONS = DEBUG;
				SWIFT_OPTIMIZATION_LEVEL = "-Onone";
			};
			name = Debug;
		};
		B950E1071DC793AE00651F32 /* Release */ = {
			isa = XCBuildConfiguration;
			buildSettings = {
				ALWAYS_SEARCH_USER_PATHS = NO;
				CLANG_ANALYZER_NONNULL = YES;
				CLANG_CXX_LANGUAGE_STANDARD = "gnu++0x";
				CLANG_CXX_LIBRARY = "libc++";
				CLANG_ENABLE_MODULES = YES;
				CLANG_ENABLE_OBJC_ARC = YES;
				CLANG_WARN_BOOL_CONVERSION = YES;
				CLANG_WARN_CONSTANT_CONVERSION = YES;
				CLANG_WARN_DIRECT_OBJC_ISA_USAGE = YES_ERROR;
				CLANG_WARN_DOCUMENTATION_COMMENTS = YES;
				CLANG_WARN_EMPTY_BODY = YES;
				CLANG_WARN_ENUM_CONVERSION = YES;
				CLANG_WARN_INFINITE_RECURSION = YES;
				CLANG_WARN_INT_CONVERSION = YES;
				CLANG_WARN_OBJC_ROOT_CLASS = YES_ERROR;
				CLANG_WARN_SUSPICIOUS_MOVES = YES;
				CLANG_WARN_UNREACHABLE_CODE = YES;
				CLANG_WARN__DUPLICATE_METHOD_MATCH = YES;
				"CODE_SIGN_IDENTITY[sdk=iphoneos*]" = "iPhone Developer";
				COPY_PHASE_STRIP = NO;
				DEBUG_INFORMATION_FORMAT = "dwarf-with-dsym";
				ENABLE_NS_ASSERTIONS = NO;
				ENABLE_STRICT_OBJC_MSGSEND = YES;
				GCC_C_LANGUAGE_STANDARD = gnu99;
				GCC_NO_COMMON_BLOCKS = YES;
				GCC_WARN_64_TO_32_BIT_CONVERSION = YES;
				GCC_WARN_ABOUT_RETURN_TYPE = YES_ERROR;
				GCC_WARN_UNDECLARED_SELECTOR = YES;
				GCC_WARN_UNINITIALIZED_AUTOS = YES_AGGRESSIVE;
				GCC_WARN_UNUSED_FUNCTION = YES;
				GCC_WARN_UNUSED_VARIABLE = YES;
				IPHONEOS_DEPLOYMENT_TARGET = 10.1;
				MTL_ENABLE_DEBUG_INFO = NO;
				SDKROOT = iphoneos;
				SWIFT_OPTIMIZATION_LEVEL = "-Owholemodule";
				VALIDATE_PRODUCT = YES;
			};
			name = Release;
		};
		B950E1091DC793AE00651F32 /* Debug */ = {
			isa = XCBuildConfiguration;
			baseConfigurationReference = 2A71B2119050FB5A81E2CB43 /* Pods-EFAB.debug.xcconfig */;
			buildSettings = {
				ASSETCATALOG_COMPILER_APPICON_NAME = AppIcon;
				CLANG_ENABLE_MODULES = YES;
				CODE_SIGN_ENTITLEMENTS = EFAB/EFAB.entitlements;
				DEVELOPMENT_TEAM = VGACHSH4G9;
				INFOPLIST_FILE = EFAB/Info.plist;
				LD_RUNPATH_SEARCH_PATHS = "$(inherited) @executable_path/Frameworks";
				PRODUCT_BUNDLE_IDENTIFIER = com.interapt.EFAB;
				PRODUCT_NAME = "$(TARGET_NAME)";
				SWIFT_OBJC_BRIDGING_HEADER = "EFAB-Bridging-Header.h";
				SWIFT_OPTIMIZATION_LEVEL = "-Onone";
				SWIFT_VERSION = 3.0;
			};
			name = Debug;
		};
		B950E10A1DC793AE00651F32 /* Release */ = {
			isa = XCBuildConfiguration;
			baseConfigurationReference = 159B8AE015B7326762D81DF4 /* Pods-EFAB.release.xcconfig */;
			buildSettings = {
				ASSETCATALOG_COMPILER_APPICON_NAME = AppIcon;
				CLANG_ENABLE_MODULES = YES;
				CODE_SIGN_ENTITLEMENTS = EFAB/EFAB.entitlements;
				DEVELOPMENT_TEAM = VGACHSH4G9;
				INFOPLIST_FILE = EFAB/Info.plist;
				LD_RUNPATH_SEARCH_PATHS = "$(inherited) @executable_path/Frameworks";
				PRODUCT_BUNDLE_IDENTIFIER = com.interapt.EFAB;
				PRODUCT_NAME = "$(TARGET_NAME)";
				SWIFT_OBJC_BRIDGING_HEADER = "EFAB-Bridging-Header.h";
				SWIFT_VERSION = 3.0;
			};
			name = Release;
		};
/* End XCBuildConfiguration section */

/* Begin XCConfigurationList section */
		B950E0F11DC793AE00651F32 /* Build configuration list for PBXProject "EFAB" */ = {
			isa = XCConfigurationList;
			buildConfigurations = (
				B950E1061DC793AE00651F32 /* Debug */,
				B950E1071DC793AE00651F32 /* Release */,
			);
			defaultConfigurationIsVisible = 0;
			defaultConfigurationName = Release;
		};
		B950E1081DC793AE00651F32 /* Build configuration list for PBXNativeTarget "EFAB" */ = {
			isa = XCConfigurationList;
			buildConfigurations = (
				B950E1091DC793AE00651F32 /* Debug */,
				B950E10A1DC793AE00651F32 /* Release */,
			);
			defaultConfigurationIsVisible = 0;
			defaultConfigurationName = Release;
		};
/* End XCConfigurationList section */
	};
	rootObject = B950E0EE1DC793AE00651F32 /* Project object */;
}
